<Solution>
  <Folder Name="/Solution Items/">
    <File Path="../../../../../Desktop/Eshop API Collection.json" />
    <File Path="docker-compose.yml" />
    <File Path="Enpoints.http" />
    <File Path="note.txt" />
    <File Path="plan.txt" />
  </Folder>
  <Folder Name="/Src/" />
  <Folder Name="/Src/Services/">
    <Project Path="Eshop.AppHost/Eshop.AppHost.csproj" Id="36452f43-a9a8-4aa5-9a61-d94467a156f5" />
    <Project Path="Eshop.Catalog/Eshop.Catalog.csproj" />
    <Project Path="Eshop.Events/Eshop.Events.csproj" />
    <Project Path="Eshop.Gateway/Eshop.Gateway.csproj" />
    <Project Path="Eshop.Inventory/Eshop.Inventory.csproj" />
    <Project Path="Eshop.Orders/Eshop.Orders.csproj" />
    <Project Path="Eshop.Payment/Eshop.Payment.csproj" />
    <Project Path="Eshop.ServiceDefaults/Eshop.ServiceDefaults.csproj" />
    <Project Path="Eshop.Web/Eshop.Web.csproj" Id="a89c7174-5473-4778-b495-e42d59b9fc20" />
  </Folder>
</Solution>
